// !$*UTF8*$!
{
	archiveVersion = 1;
	classes = {
	};
	objectVersion = 46;
	objects = {

/* Begin PBXBuildFile section */
		22235E721A632FCC000D5DE2 /* TimeUtil.c in Sources */ = {isa = PBXBuildFile; fileRef = 22235E701A632FCC000D5DE2 /* TimeUtil.c */; };
		22235E731A632FCC000D5DE2 /* TimeUtil.h in Headers */ = {isa = PBXBuildFile; fileRef = 22235E711A632FCC000D5DE2 /* TimeUtil.h */; settings = {ATTRIBUTES = (Public, ); }; };
		22235E761A66D85E000D5DE2 /* BSLOperation.c in Sources */ = {isa = PBXBuildFile; fileRef = 22235E741A66D85E000D5DE2 /* BSLOperation.c */; };
		22235E771A66D85E000D5DE2 /* BSLOperation.h in Headers */ = {isa = PBXBuildFile; fileRef = 22235E751A66D85E000D5DE2 /* BSLOperation.h */; settings = {ATTRIBUTES = (Public, ); }; };
		2227EF581A7EA05500CF6BBD /* BSL_stdlib_priv.h in Headers */ = {isa = PBXBuildFile; fileRef = 2227EF571A7EA05500CF6BBD /* BSL_stdlib_priv.h */; };
		2227EF5B1A7EA08700CF6BBD /* BSL_stdlib_mul.c in Sources */ = {isa = PBXBuildFile; fileRef = 2227EF591A7EA08700CF6BBD /* BSL_stdlib_mul.c */; };
		2227EF5C1A7EA08700CF6BBD /* BSL_stdlib_mul.h in Headers */ = {isa = PBXBuildFile; fileRef = 2227EF5A1A7EA08700CF6BBD /* BSL_stdlib_mul.h */; };
		2227EF5F1A7EA0DA00CF6BBD /* BSL_stdlib_div.c in Sources */ = {isa = PBXBuildFile; fileRef = 2227EF5D1A7EA0DA00CF6BBD /* BSL_stdlib_div.c */; };
		2227EF601A7EA0DA00CF6BBD /* BSL_stdlib_div.h in Headers */ = {isa = PBXBuildFile; fileRef = 2227EF5E1A7EA0DA00CF6BBD /* BSL_stdlib_div.h */; };
		2227EF631A7EA14B00CF6BBD /* BSL_stdlib_print.c in Sources */ = {isa = PBXBuildFile; fileRef = 2227EF611A7EA14B00CF6BBD /* BSL_stdlib_print.c */; };
		2227EF641A7EA14B00CF6BBD /* BSL_stdlib_print.h in Headers */ = {isa = PBXBuildFile; fileRef = 2227EF621A7EA14B00CF6BBD /* BSL_stdlib_print.h */; };
		2262FD281A51A6C400C9F47F /* cmap.cpp in Sources */ = {isa = PBXBuildFile; fileRef = 22E328B71A4F096100E01700 /* cmap.cpp */; };
		2262FD291A51A6C400C9F47F /* FileAccess.c in Sources */ = {isa = PBXBuildFile; fileRef = 22E328C81A4F185600E01700 /* FileAccess.c */; };
		2262FD2A1A51A6C400C9F47F /* BSLTokenDefinitions.c in Sources */ = {isa = PBXBuildFile; fileRef = 22E328DC1A50622E00E01700 /* BSLTokenDefinitions.c */; };
		2262FD2B1A51A6C400C9F47F /* BSLToken.c in Sources */ = {isa = PBXBuildFile; fileRef = 22E328AE1A4F02AA00E01700 /* BSLToken.c */; };
		2262FD2C1A51A6C400C9F47F /* BSLParse.c in Sources */ = {isa = PBXBuildFile; fileRef = 22E328B11A4F02B600E01700 /* BSLParse.c */; };
		2262FD2D1A51A6C400C9F47F /* BSLDatabase.c in Sources */ = {isa = PBXBuildFile; fileRef = 22E328B41A4F070600E01700 /* BSLDatabase.c */; };
		2262FD2E1A51A6C400C9F47F /* BSLContext.c in Sources */ = {isa = PBXBuildFile; fileRef = 22E328BA1A4F0AB300E01700 /* BSLContext.c */; };
		2262FD2F1A51A6C400C9F47F /* BSLEvaluate.c in Sources */ = {isa = PBXBuildFile; fileRef = 22E328D21A4F6AC200E01700 /* BSLEvaluate.c */; };
		2262FD301A51A6C400C9F47F /* BSLVariable.c in Sources */ = {isa = PBXBuildFile; fileRef = 22E328DE1A506C5300E01700 /* BSLVariable.c */; };
		2262FD311A51A6C400C9F47F /* BSLFunction.c in Sources */ = {isa = PBXBuildFile; fileRef = 22E328E11A506C6400E01700 /* BSLFunction.c */; };
		2262FD321A51A6C400C9F47F /* BSLSymbol.c in Sources */ = {isa = PBXBuildFile; fileRef = 22E328D61A4F7E1D00E01700 /* BSLSymbol.c */; };
		2262FD331A51A6C400C9F47F /* BSLExpression.c in Sources */ = {isa = PBXBuildFile; fileRef = 22E328C31A4F0D7A00E01700 /* BSLExpression.c */; };
		2262FD341A51A6C400C9F47F /* BSLExecute.c in Sources */ = {isa = PBXBuildFile; fileRef = 22E328E41A508C7C00E01700 /* BSLExecute.c */; };
		2262FD351A51A6C400C9F47F /* BSLScript.c in Sources */ = {isa = PBXBuildFile; fileRef = 22E328CF1A4F3F1200E01700 /* BSLScript.c */; };
		2262FD361A51A6CD00C9F47F /* OniScript.c in Sources */ = {isa = PBXBuildFile; fileRef = 22E328CC1A4F3A6D00E01700 /* OniScript.c */; };
		2262FD501A574C1B00C9F47F /* BSLStack.c in Sources */ = {isa = PBXBuildFile; fileRef = 2262FD381A51AF9500C9F47F /* BSLStack.c */; };
		2262FD511A574C1B00C9F47F /* BSLStatement.c in Sources */ = {isa = PBXBuildFile; fileRef = 2262FD3B1A51F2C700C9F47F /* BSLStatement.c */; };
		2262FD561A574C4200C9F47F /* main.c in Sources */ = {isa = PBXBuildFile; fileRef = 22E328A71A4F028F00E01700 /* main.c */; };
		2262FD601A5750A900C9F47F /* OniScript.h in Headers */ = {isa = PBXBuildFile; fileRef = 22E328CD1A4F3A6D00E01700 /* OniScript.h */; settings = {ATTRIBUTES = (Public, ); }; };
		2262FD611A5750A900C9F47F /* cmap.h in Headers */ = {isa = PBXBuildFile; fileRef = 22E328B81A4F096100E01700 /* cmap.h */; settings = {ATTRIBUTES = (Public, ); }; };
		2262FD621A5750A900C9F47F /* FileAccess.h in Headers */ = {isa = PBXBuildFile; fileRef = 22E328C91A4F185600E01700 /* FileAccess.h */; settings = {ATTRIBUTES = (Public, ); }; };
		2262FD631A5750A900C9F47F /* BSLPrivate.h in Headers */ = {isa = PBXBuildFile; fileRef = 22E328C71A4F136100E01700 /* BSLPrivate.h */; settings = {ATTRIBUTES = (Public, ); }; };
		2262FD641A5750AA00C9F47F /* BSLTokenDefinitions.h in Headers */ = {isa = PBXBuildFile; fileRef = 22E328D91A4F907900E01700 /* BSLTokenDefinitions.h */; settings = {ATTRIBUTES = (Public, ); }; };
		2262FD651A5750AA00C9F47F /* BSLToken.h in Headers */ = {isa = PBXBuildFile; fileRef = 22E328AF1A4F02AA00E01700 /* BSLToken.h */; settings = {ATTRIBUTES = (Public, ); }; };
		2262FD661A5750AA00C9F47F /* BSLParse.h in Headers */ = {isa = PBXBuildFile; fileRef = 22E328B21A4F02B600E01700 /* BSLParse.h */; settings = {ATTRIBUTES = (Public, ); }; };
		2262FD671A5750AA00C9F47F /* BSLStack.h in Headers */ = {isa = PBXBuildFile; fileRef = 2262FD391A51AF9500C9F47F /* BSLStack.h */; settings = {ATTRIBUTES = (Public, ); }; };
		2262FD681A5750AA00C9F47F /* BSLDatabase.h in Headers */ = {isa = PBXBuildFile; fileRef = 22E328B51A4F070600E01700 /* BSLDatabase.h */; settings = {ATTRIBUTES = (Public, ); }; };
		2262FD691A5750AA00C9F47F /* BSLContext.h in Headers */ = {isa = PBXBuildFile; fileRef = 22E328BB1A4F0AB300E01700 /* BSLContext.h */; settings = {ATTRIBUTES = (Public, ); }; };
		2262FD6A1A5750AA00C9F47F /* BSLEvaluate.h in Headers */ = {isa = PBXBuildFile; fileRef = 22E328D31A4F6AC200E01700 /* BSLEvaluate.h */; settings = {ATTRIBUTES = (Public, ); }; };
		2262FD6B1A5750AA00C9F47F /* BSLVariable.h in Headers */ = {isa = PBXBuildFile; fileRef = 22E328DF1A506C5300E01700 /* BSLVariable.h */; settings = {ATTRIBUTES = (Public, ); }; };
		2262FD6C1A5750AA00C9F47F /* BSLFunction.h in Headers */ = {isa = PBXBuildFile; fileRef = 22E328E21A506C6400E01700 /* BSLFunction.h */; settings = {ATTRIBUTES = (Public, ); }; };
		2262FD6D1A5750AA00C9F47F /* BSLStatement.h in Headers */ = {isa = PBXBuildFile; fileRef = 2262FD3C1A51F2C700C9F47F /* BSLStatement.h */; settings = {ATTRIBUTES = (Public, ); }; };
		2262FD6E1A5750AA00C9F47F /* BSLSymbol.h in Headers */ = {isa = PBXBuildFile; fileRef = 22E328D71A4F7E1D00E01700 /* BSLSymbol.h */; settings = {ATTRIBUTES = (Public, ); }; };
		2262FD6F1A5750AA00C9F47F /* BSLExpression.h in Headers */ = {isa = PBXBuildFile; fileRef = 22E328C41A4F0D7A00E01700 /* BSLExpression.h */; settings = {ATTRIBUTES = (Public, ); }; };
		2262FD711A5750AA00C9F47F /* BSLExecute.h in Headers */ = {isa = PBXBuildFile; fileRef = 22E328E51A508C7C00E01700 /* BSLExecute.h */; settings = {ATTRIBUTES = (Public, ); }; };
		2262FD721A5750AA00C9F47F /* BSLGlobals.h in Headers */ = {isa = PBXBuildFile; fileRef = 22E328ED1A50A78100E01700 /* BSLGlobals.h */; settings = {ATTRIBUTES = (Public, ); }; };
		2262FD731A5750AA00C9F47F /* BSLScript.h in Headers */ = {isa = PBXBuildFile; fileRef = 22E328D01A4F3F1200E01700 /* BSLScript.h */; settings = {ATTRIBUTES = (Public, ); }; };
		2262FD741A57513500C9F47F /* libbsl.dylib in Frameworks */ = {isa = PBXBuildFile; fileRef = 2262FD241A51A6AC00C9F47F /* libbsl.dylib */; };
		2262FD771A57524700C9F47F /* BSL_stdlib.c in Sources */ = {isa = PBXBuildFile; fileRef = 2262FD431A574B2200C9F47F /* BSL_stdlib.c */; };
		2262FD781A57524E00C9F47F /* BSL_stdlib.h in Headers */ = {isa = PBXBuildFile; fileRef = 2262FD441A574B2200C9F47F /* BSL_stdlib.h */; settings = {ATTRIBUTES = (Public, ); }; };
		2299F1671A5F1ACC007A2884 /* BSLStatement_Conditional.c in Sources */ = {isa = PBXBuildFile; fileRef = 2299F1641A5F1ABB007A2884 /* BSLStatement_Conditional.c */; };
		2299F1681A5F1AD3007A2884 /* BSLStatement_Conditional.h in Headers */ = {isa = PBXBuildFile; fileRef = 2299F1651A5F1ABB007A2884 /* BSLStatement_Conditional.h */; settings = {ATTRIBUTES = (Public, ); }; };
		2299F16B1A5F1AEF007A2884 /* BSLStatement_Fork.c in Sources */ = {isa = PBXBuildFile; fileRef = 2299F1691A5F1AEF007A2884 /* BSLStatement_Fork.c */; };
		2299F16C1A5F1AEF007A2884 /* BSLStatement_Fork.h in Headers */ = {isa = PBXBuildFile; fileRef = 2299F16A1A5F1AEF007A2884 /* BSLStatement_Fork.h */; settings = {ATTRIBUTES = (Public, ); }; };
		2299F16F1A5F1B04007A2884 /* BSLStatement_Sleep.c in Sources */ = {isa = PBXBuildFile; fileRef = 2299F16D1A5F1B04007A2884 /* BSLStatement_Sleep.c */; };
		2299F1701A5F1B04007A2884 /* BSLStatement_Sleep.h in Headers */ = {isa = PBXBuildFile; fileRef = 2299F16E1A5F1B04007A2884 /* BSLStatement_Sleep.h */; settings = {ATTRIBUTES = (Public, ); }; };
		2299F1731A5F1B14007A2884 /* BSLStatement_Return.c in Sources */ = {isa = PBXBuildFile; fileRef = 2299F1711A5F1B14007A2884 /* BSLStatement_Return.c */; };
		2299F1741A5F1B14007A2884 /* BSLStatement_Return.h in Headers */ = {isa = PBXBuildFile; fileRef = 2299F1721A5F1B14007A2884 /* BSLStatement_Return.h */; settings = {ATTRIBUTES = (Public, ); }; };
		2299F1781A5F1B32007A2884 /* BSLStatement_Schedule.c in Sources */ = {isa = PBXBuildFile; fileRef = 2299F1761A5F1B32007A2884 /* BSLStatement_Schedule.c */; };
		2299F1791A5F1B32007A2884 /* BSLStatement_Schedule.h in Headers */ = {isa = PBXBuildFile; fileRef = 2299F1771A5F1B32007A2884 /* BSLStatement_Schedule.h */; settings = {ATTRIBUTES = (Public, ); }; };
		2299F17C1A5F1B4C007A2884 /* BSLStatement_Iterate.c in Sources */ = {isa = PBXBuildFile; fileRef = 2299F17A1A5F1B4C007A2884 /* BSLStatement_Iterate.c */; };
		2299F17D1A5F1B4C007A2884 /* BSLStatement_Iterate.h in Headers */ = {isa = PBXBuildFile; fileRef = 2299F17B1A5F1B4C007A2884 /* BSLStatement_Iterate.h */; settings = {ATTRIBUTES = (Public, ); }; };
		2299F1801A5F204B007A2884 /* BSLStatement_Func.c in Sources */ = {isa = PBXBuildFile; fileRef = 2299F17E1A5F204B007A2884 /* BSLStatement_Func.c */; };
		2299F1811A5F204B007A2884 /* BSLStatement_Func.h in Headers */ = {isa = PBXBuildFile; fileRef = 2299F17F1A5F204B007A2884 /* BSLStatement_Func.h */; settings = {ATTRIBUTES = (Public, ); }; };
		2299F1841A5F205A007A2884 /* BSLStatement_Var.c in Sources */ = {isa = PBXBuildFile; fileRef = 2299F1821A5F205A007A2884 /* BSLStatement_Var.c */; };
		2299F1851A5F205A007A2884 /* BSLStatement_Var.h in Headers */ = {isa = PBXBuildFile; fileRef = 2299F1831A5F205A007A2884 /* BSLStatement_Var.h */; settings = {ATTRIBUTES = (Public, ); }; };
		22B6FF2F1A9E318300C0FC6D /* Oni Scripts in Resources */ = {isa = PBXBuildFile; fileRef = 22D767111A9E3068002C8AEA /* Oni Scripts */; };
		22B6FF301A9E318500C0FC6D /* GameDataFolder in Resources */ = {isa = PBXBuildFile; fileRef = 22D767101A9E3060002C8AEA /* GameDataFolder */; };
		22B6FF321A9E327300C0FC6D /* BSL_Oni_Test_compound.m in Sources */ = {isa = PBXBuildFile; fileRef = 22B6FF311A9E327300C0FC6D /* BSL_Oni_Test_compound.m */; };
		22B6FF341A9E32AA00C0FC6D /* BSL_Oni_Test_dream_lab.m in Sources */ = {isa = PBXBuildFile; fileRef = 22B6FF331A9E32AA00C0FC6D /* BSL_Oni_Test_dream_lab.m */; };
		22CBD83F1A9CD29300DFFA08 /* BSL_Parser_Tests.m in Sources */ = {isa = PBXBuildFile; fileRef = 22CBD83E1A9CD29300DFFA08 /* BSL_Parser_Tests.m */; };
		22CBD8401A9CD29300DFFA08 /* libbsl.dylib in Frameworks */ = {isa = PBXBuildFile; fileRef = 2262FD241A51A6AC00C9F47F /* libbsl.dylib */; };
		22CBD87A1A9CD5C600DFFA08 /* Test Scripts in Resources */ = {isa = PBXBuildFile; fileRef = 22CBD8791A9CD5C100DFFA08 /* Test Scripts */; };
		22D766FD1A9D5C40002C8AEA /* BSL_stdlib_strlen.c in Sources */ = {isa = PBXBuildFile; fileRef = 22D766FB1A9D5C40002C8AEA /* BSL_stdlib_strlen.c */; };
		22D766FE1A9D5C40002C8AEA /* BSL_stdlib_strlen.h in Headers */ = {isa = PBXBuildFile; fileRef = 22D766FC1A9D5C40002C8AEA /* BSL_stdlib_strlen.h */; };
		22D7670E1A9E2F4F002C8AEA /* BSL_Oni_Test_Airport.m in Sources */ = {isa = PBXBuildFile; fileRef = 22D767001A9E285F002C8AEA /* BSL_Oni_Test_Airport.m */; };
		22D7670F1A9E2F52002C8AEA /* BSL_Oni_Test_Airport_III.m in Sources */ = {isa = PBXBuildFile; fileRef = 22D767031A9E2A85002C8AEA /* BSL_Oni_Test_Airport_III.m */; };
/* End PBXBuildFile section */

/* Begin PBXContainerItemProxy section */
		2262FD751A5751C300C9F47F /* PBXContainerItemProxy */ = {
			isa = PBXContainerItemProxy;
			containerPortal = 22E3289C1A4F028F00E01700 /* Project object */;
			proxyType = 1;
			remoteGlobalIDString = 2262FD231A51A6AC00C9F47F;
			remoteInfo = bsl;
		};
		22CBD8411A9CD29300DFFA08 /* PBXContainerItemProxy */ = {
			isa = PBXContainerItemProxy;
			containerPortal = 22E3289C1A4F028F00E01700 /* Project object */;
			proxyType = 1;
			remoteGlobalIDString = 2262FD231A51A6AC00C9F47F;
			remoteInfo = bsl;
		};
/* End PBXContainerItemProxy section */

/* Begin PBXCopyFilesBuildPhase section */
		22E328A21A4F028F00E01700 /* CopyFiles */ = {
			isa = PBXCopyFilesBuildPhase;
			buildActionMask = 2147483647;
			dstPath = /usr/share/man/man1/;
			dstSubfolderSpec = 0;
			files = (
			);
			runOnlyForDeploymentPostprocessing = 1;
		};
/* End PBXCopyFilesBuildPhase section */

/* Begin PBXFileReference section */
		22235E701A632FCC000D5DE2 /* TimeUtil.c */ = {isa = PBXFileReference; fileEncoding = 4; lastKnownFileType = sourcecode.c.c; path = TimeUtil.c; sourceTree = "<group>"; };
		22235E711A632FCC000D5DE2 /* TimeUtil.h */ = {isa = PBXFileReference; fileEncoding = 4; lastKnownFileType = sourcecode.c.h; path = TimeUtil.h; sourceTree = "<group>"; };
		22235E741A66D85E000D5DE2 /* BSLOperation.c */ = {isa = PBXFileReference; fileEncoding = 4; lastKnownFileType = sourcecode.c.c; path = BSLOperation.c; sourceTree = "<group>"; };
		22235E751A66D85E000D5DE2 /* BSLOperation.h */ = {isa = PBXFileReference; fileEncoding = 4; lastKnownFileType = sourcecode.c.h; path = BSLOperation.h; sourceTree = "<group>"; };
		2227EF571A7EA05500CF6BBD /* BSL_stdlib_priv.h */ = {isa = PBXFileReference; fileEncoding = 4; lastKnownFileType = sourcecode.c.h; name = BSL_stdlib_priv.h; path = stdlib/BSL_stdlib_priv.h; sourceTree = "<group>"; };
		2227EF591A7EA08700CF6BBD /* BSL_stdlib_mul.c */ = {isa = PBXFileReference; fileEncoding = 4; lastKnownFileType = sourcecode.c.c; name = BSL_stdlib_mul.c; path = stdlib/BSL_stdlib_mul.c; sourceTree = "<group>"; };
		2227EF5A1A7EA08700CF6BBD /* BSL_stdlib_mul.h */ = {isa = PBXFileReference; fileEncoding = 4; lastKnownFileType = sourcecode.c.h; name = BSL_stdlib_mul.h; path = stdlib/BSL_stdlib_mul.h; sourceTree = "<group>"; };
		2227EF5D1A7EA0DA00CF6BBD /* BSL_stdlib_div.c */ = {isa = PBXFileReference; fileEncoding = 4; lastKnownFileType = sourcecode.c.c; name = BSL_stdlib_div.c; path = stdlib/BSL_stdlib_div.c; sourceTree = "<group>"; };
		2227EF5E1A7EA0DA00CF6BBD /* BSL_stdlib_div.h */ = {isa = PBXFileReference; fileEncoding = 4; lastKnownFileType = sourcecode.c.h; name = BSL_stdlib_div.h; path = stdlib/BSL_stdlib_div.h; sourceTree = "<group>"; };
		2227EF611A7EA14B00CF6BBD /* BSL_stdlib_print.c */ = {isa = PBXFileReference; fileEncoding = 4; lastKnownFileType = sourcecode.c.c; name = BSL_stdlib_print.c; path = stdlib/BSL_stdlib_print.c; sourceTree = "<group>"; };
		2227EF621A7EA14B00CF6BBD /* BSL_stdlib_print.h */ = {isa = PBXFileReference; fileEncoding = 4; lastKnownFileType = sourcecode.c.h; name = BSL_stdlib_print.h; path = stdlib/BSL_stdlib_print.h; sourceTree = "<group>"; };
		2262FD241A51A6AC00C9F47F /* libbsl.dylib */ = {isa = PBXFileReference; explicitFileType = "compiled.mach-o.dylib"; includeInIndex = 0; path = libbsl.dylib; sourceTree = BUILT_PRODUCTS_DIR; };
		2262FD381A51AF9500C9F47F /* BSLStack.c */ = {isa = PBXFileReference; fileEncoding = 4; lastKnownFileType = sourcecode.c.c; path = BSLStack.c; sourceTree = "<group>"; };
		2262FD391A51AF9500C9F47F /* BSLStack.h */ = {isa = PBXFileReference; fileEncoding = 4; lastKnownFileType = sourcecode.c.h; path = BSLStack.h; sourceTree = "<group>"; };
		2262FD3B1A51F2C700C9F47F /* BSLStatement.c */ = {isa = PBXFileReference; fileEncoding = 4; lastKnownFileType = sourcecode.c.c; path = BSLStatement.c; sourceTree = "<group>"; };
		2262FD3C1A51F2C700C9F47F /* BSLStatement.h */ = {isa = PBXFileReference; fileEncoding = 4; lastKnownFileType = sourcecode.c.h; path = BSLStatement.h; sourceTree = "<group>"; };
		2262FD431A574B2200C9F47F /* BSL_stdlib.c */ = {isa = PBXFileReference; lastKnownFileType = sourcecode.c.c; name = BSL_stdlib.c; path = stdlib/BSL_stdlib.c; sourceTree = "<group>"; };
		2262FD441A574B2200C9F47F /* BSL_stdlib.h */ = {isa = PBXFileReference; lastKnownFileType = sourcecode.c.h; name = BSL_stdlib.h; path = stdlib/BSL_stdlib.h; sourceTree = "<group>"; };
		2299F1641A5F1ABB007A2884 /* BSLStatement_Conditional.c */ = {isa = PBXFileReference; fileEncoding = 4; lastKnownFileType = sourcecode.c.c; path = BSLStatement_Conditional.c; sourceTree = "<group>"; };
		2299F1651A5F1ABB007A2884 /* BSLStatement_Conditional.h */ = {isa = PBXFileReference; fileEncoding = 4; lastKnownFileType = sourcecode.c.h; path = BSLStatement_Conditional.h; sourceTree = "<group>"; };
		2299F1691A5F1AEF007A2884 /* BSLStatement_Fork.c */ = {isa = PBXFileReference; fileEncoding = 4; lastKnownFileType = sourcecode.c.c; path = BSLStatement_Fork.c; sourceTree = "<group>"; };
		2299F16A1A5F1AEF007A2884 /* BSLStatement_Fork.h */ = {isa = PBXFileReference; fileEncoding = 4; lastKnownFileType = sourcecode.c.h; path = BSLStatement_Fork.h; sourceTree = "<group>"; };
		2299F16D1A5F1B04007A2884 /* BSLStatement_Sleep.c */ = {isa = PBXFileReference; fileEncoding = 4; lastKnownFileType = sourcecode.c.c; path = BSLStatement_Sleep.c; sourceTree = "<group>"; };
		2299F16E1A5F1B04007A2884 /* BSLStatement_Sleep.h */ = {isa = PBXFileReference; fileEncoding = 4; lastKnownFileType = sourcecode.c.h; path = BSLStatement_Sleep.h; sourceTree = "<group>"; };
		2299F1711A5F1B14007A2884 /* BSLStatement_Return.c */ = {isa = PBXFileReference; fileEncoding = 4; lastKnownFileType = sourcecode.c.c; path = BSLStatement_Return.c; sourceTree = "<group>"; };
		2299F1721A5F1B14007A2884 /* BSLStatement_Return.h */ = {isa = PBXFileReference; fileEncoding = 4; lastKnownFileType = sourcecode.c.h; path = BSLStatement_Return.h; sourceTree = "<group>"; };
		2299F1761A5F1B32007A2884 /* BSLStatement_Schedule.c */ = {isa = PBXFileReference; fileEncoding = 4; lastKnownFileType = sourcecode.c.c; path = BSLStatement_Schedule.c; sourceTree = "<group>"; };
		2299F1771A5F1B32007A2884 /* BSLStatement_Schedule.h */ = {isa = PBXFileReference; fileEncoding = 4; lastKnownFileType = sourcecode.c.h; path = BSLStatement_Schedule.h; sourceTree = "<group>"; };
		2299F17A1A5F1B4C007A2884 /* BSLStatement_Iterate.c */ = {isa = PBXFileReference; fileEncoding = 4; lastKnownFileType = sourcecode.c.c; path = BSLStatement_Iterate.c; sourceTree = "<group>"; };
		2299F17B1A5F1B4C007A2884 /* BSLStatement_Iterate.h */ = {isa = PBXFileReference; fileEncoding = 4; lastKnownFileType = sourcecode.c.h; path = BSLStatement_Iterate.h; sourceTree = "<group>"; };
		2299F17E1A5F204B007A2884 /* BSLStatement_Func.c */ = {isa = PBXFileReference; fileEncoding = 4; lastKnownFileType = sourcecode.c.c; path = BSLStatement_Func.c; sourceTree = "<group>"; };
		2299F17F1A5F204B007A2884 /* BSLStatement_Func.h */ = {isa = PBXFileReference; fileEncoding = 4; lastKnownFileType = sourcecode.c.h; path = BSLStatement_Func.h; sourceTree = "<group>"; };
		2299F1821A5F205A007A2884 /* BSLStatement_Var.c */ = {isa = PBXFileReference; fileEncoding = 4; lastKnownFileType = sourcecode.c.c; path = BSLStatement_Var.c; sourceTree = "<group>"; };
		2299F1831A5F205A007A2884 /* BSLStatement_Var.h */ = {isa = PBXFileReference; fileEncoding = 4; lastKnownFileType = sourcecode.c.h; path = BSLStatement_Var.h; sourceTree = "<group>"; };
		22A4A2C81A9CE2A600425014 /* BSL_Test_OniScripts.m */ = {isa = PBXFileReference; fileEncoding = 4; lastKnownFileType = sourcecode.c.objc; path = BSL_Test_OniScripts.m; sourceTree = "<group>"; };
		22B6FF311A9E327300C0FC6D /* BSL_Oni_Test_compound.m */ = {isa = PBXFileReference; fileEncoding = 4; lastKnownFileType = sourcecode.c.objc; path = BSL_Oni_Test_compound.m; sourceTree = "<group>"; };
		22B6FF331A9E32AA00C0FC6D /* BSL_Oni_Test_dream_lab.m */ = {isa = PBXFileReference; fileEncoding = 4; lastKnownFileType = sourcecode.c.objc; path = BSL_Oni_Test_dream_lab.m; sourceTree = "<group>"; };
		22CBD83A1A9CD29300DFFA08 /* BSL Parser Tests.xctest */ = {isa = PBXFileReference; explicitFileType = wrapper.cfbundle; includeInIndex = 0; path = "BSL Parser Tests.xctest"; sourceTree = BUILT_PRODUCTS_DIR; };
		22CBD83D1A9CD29300DFFA08 /* Info.plist */ = {isa = PBXFileReference; lastKnownFileType = text.plist.xml; path = Info.plist; sourceTree = "<group>"; };
		22CBD83E1A9CD29300DFFA08 /* BSL_Parser_Tests.m */ = {isa = PBXFileReference; lastKnownFileType = sourcecode.c.objc; path = BSL_Parser_Tests.m; sourceTree = "<group>"; };
		22CBD8791A9CD5C100DFFA08 /* Test Scripts */ = {isa = PBXFileReference; lastKnownFileType = folder; name = "Test Scripts"; path = "../Test Scripts"; sourceTree = "<group>"; };
		22CBD87B1A9CE02B00DFFA08 /* BSL_Test_Header.h */ = {isa = PBXFileReference; lastKnownFileType = sourcecode.c.h; path = BSL_Test_Header.h; sourceTree = "<group>"; };
		22D766FA1A9D5B64002C8AEA /* stdlib Scripts */ = {isa = PBXFileReference; lastKnownFileType = folder; path = "stdlib Scripts"; sourceTree = SOURCE_ROOT; };
		22D766FB1A9D5C40002C8AEA /* BSL_stdlib_strlen.c */ = {isa = PBXFileReference; fileEncoding = 4; lastKnownFileType = sourcecode.c.c; name = BSL_stdlib_strlen.c; path = stdlib/BSL_stdlib_strlen.c; sourceTree = "<group>"; };
		22D766FC1A9D5C40002C8AEA /* BSL_stdlib_strlen.h */ = {isa = PBXFileReference; fileEncoding = 4; lastKnownFileType = sourcecode.c.h; name = BSL_stdlib_strlen.h; path = stdlib/BSL_stdlib_strlen.h; sourceTree = "<group>"; };
		22D767001A9E285F002C8AEA /* BSL_Oni_Test_Airport.m */ = {isa = PBXFileReference; fileEncoding = 4; lastKnownFileType = sourcecode.c.objc; path = BSL_Oni_Test_Airport.m; sourceTree = "<group>"; };
		22D767031A9E2A85002C8AEA /* BSL_Oni_Test_Airport_III.m */ = {isa = PBXFileReference; fileEncoding = 4; lastKnownFileType = sourcecode.c.objc; path = BSL_Oni_Test_Airport_III.m; sourceTree = "<group>"; };
		22D767101A9E3060002C8AEA /* GameDataFolder */ = {isa = PBXFileReference; lastKnownFileType = folder; path = GameDataFolder; sourceTree = SOURCE_ROOT; };
		22D767111A9E3068002C8AEA /* Oni Scripts */ = {isa = PBXFileReference; lastKnownFileType = folder; path = "Oni Scripts"; sourceTree = SOURCE_ROOT; };
		22E328A41A4F028F00E01700 /* bsl-parse */ = {isa = PBXFileReference; explicitFileType = "compiled.mach-o.executable"; includeInIndex = 0; path = "bsl-parse"; sourceTree = BUILT_PRODUCTS_DIR; };
		22E328A71A4F028F00E01700 /* main.c */ = {isa = PBXFileReference; lastKnownFileType = sourcecode.c.c; path = main.c; sourceTree = "<group>"; };
		22E328AE1A4F02AA00E01700 /* BSLToken.c */ = {isa = PBXFileReference; fileEncoding = 4; lastKnownFileType = sourcecode.c.c; path = BSLToken.c; sourceTree = "<group>"; };
		22E328AF1A4F02AA00E01700 /* BSLToken.h */ = {isa = PBXFileReference; fileEncoding = 4; lastKnownFileType = sourcecode.c.h; path = BSLToken.h; sourceTree = "<group>"; };
		22E328B11A4F02B600E01700 /* BSLParse.c */ = {isa = PBXFileReference; fileEncoding = 4; lastKnownFileType = sourcecode.c.c; path = BSLParse.c; sourceTree = "<group>"; };
		22E328B21A4F02B600E01700 /* BSLParse.h */ = {isa = PBXFileReference; fileEncoding = 4; lastKnownFileType = sourcecode.c.h; path = BSLParse.h; sourceTree = "<group>"; };
		22E328B41A4F070600E01700 /* BSLDatabase.c */ = {isa = PBXFileReference; fileEncoding = 4; lastKnownFileType = sourcecode.c.c; path = BSLDatabase.c; sourceTree = "<group>"; };
		22E328B51A4F070600E01700 /* BSLDatabase.h */ = {isa = PBXFileReference; fileEncoding = 4; lastKnownFileType = sourcecode.c.h; path = BSLDatabase.h; sourceTree = "<group>"; };
		22E328B71A4F096100E01700 /* cmap.cpp */ = {isa = PBXFileReference; fileEncoding = 4; lastKnownFileType = sourcecode.cpp.cpp; path = cmap.cpp; sourceTree = "<group>"; };
		22E328B81A4F096100E01700 /* cmap.h */ = {isa = PBXFileReference; fileEncoding = 4; lastKnownFileType = sourcecode.c.h; path = cmap.h; sourceTree = "<group>"; };
		22E328BA1A4F0AB300E01700 /* BSLContext.c */ = {isa = PBXFileReference; fileEncoding = 4; lastKnownFileType = sourcecode.c.c; path = BSLContext.c; sourceTree = "<group>"; };
		22E328BB1A4F0AB300E01700 /* BSLContext.h */ = {isa = PBXFileReference; fileEncoding = 4; lastKnownFileType = sourcecode.c.h; path = BSLContext.h; sourceTree = "<group>"; };
		22E328C31A4F0D7A00E01700 /* BSLExpression.c */ = {isa = PBXFileReference; fileEncoding = 4; lastKnownFileType = sourcecode.c.c; path = BSLExpression.c; sourceTree = "<group>"; };
		22E328C41A4F0D7A00E01700 /* BSLExpression.h */ = {isa = PBXFileReference; fileEncoding = 4; lastKnownFileType = sourcecode.c.h; path = BSLExpression.h; sourceTree = "<group>"; };
		22E328C71A4F136100E01700 /* BSLPrivate.h */ = {isa = PBXFileReference; lastKnownFileType = sourcecode.c.h; path = BSLPrivate.h; sourceTree = "<group>"; };
		22E328C81A4F185600E01700 /* FileAccess.c */ = {isa = PBXFileReference; fileEncoding = 4; lastKnownFileType = sourcecode.c.c; path = FileAccess.c; sourceTree = "<group>"; };
		22E328C91A4F185600E01700 /* FileAccess.h */ = {isa = PBXFileReference; fileEncoding = 4; lastKnownFileType = sourcecode.c.h; path = FileAccess.h; sourceTree = "<group>"; };
		22E328CC1A4F3A6D00E01700 /* OniScript.c */ = {isa = PBXFileReference; fileEncoding = 4; lastKnownFileType = sourcecode.c.c; path = OniScript.c; sourceTree = "<group>"; };
		22E328CD1A4F3A6D00E01700 /* OniScript.h */ = {isa = PBXFileReference; fileEncoding = 4; lastKnownFileType = sourcecode.c.h; path = OniScript.h; sourceTree = "<group>"; };
		22E328CF1A4F3F1200E01700 /* BSLScript.c */ = {isa = PBXFileReference; fileEncoding = 4; lastKnownFileType = sourcecode.c.c; path = BSLScript.c; sourceTree = "<group>"; };
		22E328D01A4F3F1200E01700 /* BSLScript.h */ = {isa = PBXFileReference; fileEncoding = 4; lastKnownFileType = sourcecode.c.h; path = BSLScript.h; sourceTree = "<group>"; };
		22E328D21A4F6AC200E01700 /* BSLEvaluate.c */ = {isa = PBXFileReference; fileEncoding = 4; lastKnownFileType = sourcecode.c.c; path = BSLEvaluate.c; sourceTree = "<group>"; };
		22E328D31A4F6AC200E01700 /* BSLEvaluate.h */ = {isa = PBXFileReference; fileEncoding = 4; lastKnownFileType = sourcecode.c.h; path = BSLEvaluate.h; sourceTree = "<group>"; };
		22E328D61A4F7E1D00E01700 /* BSLSymbol.c */ = {isa = PBXFileReference; fileEncoding = 4; lastKnownFileType = sourcecode.c.c; path = BSLSymbol.c; sourceTree = "<group>"; };
		22E328D71A4F7E1D00E01700 /* BSLSymbol.h */ = {isa = PBXFileReference; fileEncoding = 4; lastKnownFileType = sourcecode.c.h; path = BSLSymbol.h; sourceTree = "<group>"; };
		22E328D91A4F907900E01700 /* BSLTokenDefinitions.h */ = {isa = PBXFileReference; lastKnownFileType = sourcecode.c.h; path = BSLTokenDefinitions.h; sourceTree = "<group>"; };
		22E328DC1A50622E00E01700 /* BSLTokenDefinitions.c */ = {isa = PBXFileReference; fileEncoding = 4; lastKnownFileType = sourcecode.c.c; path = BSLTokenDefinitions.c; sourceTree = "<group>"; };
		22E328DE1A506C5300E01700 /* BSLVariable.c */ = {isa = PBXFileReference; fileEncoding = 4; lastKnownFileType = sourcecode.c.c; path = BSLVariable.c; sourceTree = "<group>"; };
		22E328DF1A506C5300E01700 /* BSLVariable.h */ = {isa = PBXFileReference; fileEncoding = 4; lastKnownFileType = sourcecode.c.h; path = BSLVariable.h; sourceTree = "<group>"; };
		22E328E11A506C6400E01700 /* BSLFunction.c */ = {isa = PBXFileReference; fileEncoding = 4; lastKnownFileType = sourcecode.c.c; path = BSLFunction.c; sourceTree = "<group>"; };
		22E328E21A506C6400E01700 /* BSLFunction.h */ = {isa = PBXFileReference; fileEncoding = 4; lastKnownFileType = sourcecode.c.h; path = BSLFunction.h; sourceTree = "<group>"; };
		22E328E41A508C7C00E01700 /* BSLExecute.c */ = {isa = PBXFileReference; fileEncoding = 4; lastKnownFileType = sourcecode.c.c; path = BSLExecute.c; sourceTree = "<group>"; };
		22E328E51A508C7C00E01700 /* BSLExecute.h */ = {isa = PBXFileReference; fileEncoding = 4; lastKnownFileType = sourcecode.c.h; path = BSLExecute.h; sourceTree = "<group>"; };
		22E328ED1A50A78100E01700 /* BSLGlobals.h */ = {isa = PBXFileReference; lastKnownFileType = sourcecode.c.h; path = BSLGlobals.h; sourceTree = "<group>"; };
/* End PBXFileReference section */

/* Begin PBXFrameworksBuildPhase section */
		2262FD211A51A6AC00C9F47F /* Frameworks */ = {
			isa = PBXFrameworksBuildPhase;
			buildActionMask = 2147483647;
			files = (
			);
			runOnlyForDeploymentPostprocessing = 0;
		};
		22CBD8371A9CD29300DFFA08 /* Frameworks */ = {
			isa = PBXFrameworksBuildPhase;
			buildActionMask = 2147483647;
			files = (
				22CBD8401A9CD29300DFFA08 /* libbsl.dylib in Frameworks */,
			);
			runOnlyForDeploymentPostprocessing = 0;
		};
		22E328A11A4F028F00E01700 /* Frameworks */ = {
			isa = PBXFrameworksBuildPhase;
			buildActionMask = 2147483647;
			files = (
				2262FD741A57513500C9F47F /* libbsl.dylib in Frameworks */,
			);
			runOnlyForDeploymentPostprocessing = 0;
		};
/* End PBXFrameworksBuildPhase section */

/* Begin PBXGroup section */
		2262FD371A51AF8500C9F47F /* Stack */ = {
			isa = PBXGroup;
			children = (
				2262FD391A51AF9500C9F47F /* BSLStack.h */,
				2262FD381A51AF9500C9F47F /* BSLStack.c */,
			);
			name = Stack;
			sourceTree = "<group>";
		};
		2262FD421A574B0D00C9F47F /* stdlib */ = {
			isa = PBXGroup;
			children = (
				2227EF571A7EA05500CF6BBD /* BSL_stdlib_priv.h */,
				2262FD441A574B2200C9F47F /* BSL_stdlib.h */,
				2262FD431A574B2200C9F47F /* BSL_stdlib.c */,
				2227EF5A1A7EA08700CF6BBD /* BSL_stdlib_mul.h */,
				2227EF591A7EA08700CF6BBD /* BSL_stdlib_mul.c */,
				2227EF5E1A7EA0DA00CF6BBD /* BSL_stdlib_div.h */,
				2227EF5D1A7EA0DA00CF6BBD /* BSL_stdlib_div.c */,
				2227EF621A7EA14B00CF6BBD /* BSL_stdlib_print.h */,
				2227EF611A7EA14B00CF6BBD /* BSL_stdlib_print.c */,
				22D766FC1A9D5C40002C8AEA /* BSL_stdlib_strlen.h */,
				22D766FB1A9D5C40002C8AEA /* BSL_stdlib_strlen.c */,
			);
			name = stdlib;
			sourceTree = "<group>";
		};
		2299F1631A5F1AA1007A2884 /* Keywords */ = {
			isa = PBXGroup;
			children = (
				2299F1651A5F1ABB007A2884 /* BSLStatement_Conditional.h */,
				2299F1641A5F1ABB007A2884 /* BSLStatement_Conditional.c */,
				2299F16A1A5F1AEF007A2884 /* BSLStatement_Fork.h */,
				2299F1691A5F1AEF007A2884 /* BSLStatement_Fork.c */,
				2299F16E1A5F1B04007A2884 /* BSLStatement_Sleep.h */,
				2299F16D1A5F1B04007A2884 /* BSLStatement_Sleep.c */,
				2299F1721A5F1B14007A2884 /* BSLStatement_Return.h */,
				2299F1711A5F1B14007A2884 /* BSLStatement_Return.c */,
				2299F1771A5F1B32007A2884 /* BSLStatement_Schedule.h */,
				2299F1761A5F1B32007A2884 /* BSLStatement_Schedule.c */,
				2299F17B1A5F1B4C007A2884 /* BSLStatement_Iterate.h */,
				2299F17A1A5F1B4C007A2884 /* BSLStatement_Iterate.c */,
				2299F17F1A5F204B007A2884 /* BSLStatement_Func.h */,
				2299F17E1A5F204B007A2884 /* BSLStatement_Func.c */,
				2299F1831A5F205A007A2884 /* BSLStatement_Var.h */,
				2299F1821A5F205A007A2884 /* BSLStatement_Var.c */,
			);
			name = Keywords;
			sourceTree = "<group>";
		};
		22A4A2CB1A9CE2BF00425014 /* Scripts */ = {
			isa = PBXGroup;
			children = (
				22D767111A9E3068002C8AEA /* Oni Scripts */,
				22D767101A9E3060002C8AEA /* GameDataFolder */,
				22D766FA1A9D5B64002C8AEA /* stdlib Scripts */,
				22CBD8791A9CD5C100DFFA08 /* Test Scripts */,
			);
			name = Scripts;
			path = "BSL Parser Tests";
			sourceTree = "<group>";
		};
		22CBD83B1A9CD29300DFFA08 /* BSL Parser Tests */ = {
			isa = PBXGroup;
			children = (
				22CBD8541A9CD2C600DFFA08 /* Test Code */,
				22CBD83C1A9CD29300DFFA08 /* Supporting Files */,
			);
			path = "BSL Parser Tests";
			sourceTree = "<group>";
		};
		22CBD83C1A9CD29300DFFA08 /* Supporting Files */ = {
			isa = PBXGroup;
			children = (
				22CBD83D1A9CD29300DFFA08 /* Info.plist */,
			);
			name = "Supporting Files";
			sourceTree = "<group>";
		};
		22CBD8541A9CD2C600DFFA08 /* Test Code */ = {
			isa = PBXGroup;
			children = (
				22CBD87B1A9CE02B00DFFA08 /* BSL_Test_Header.h */,
				22CBD83E1A9CD29300DFFA08 /* BSL_Parser_Tests.m */,
				22A4A2C81A9CE2A600425014 /* BSL_Test_OniScripts.m */,
				22D767001A9E285F002C8AEA /* BSL_Oni_Test_Airport.m */,
				22D767031A9E2A85002C8AEA /* BSL_Oni_Test_Airport_III.m */,
				22B6FF311A9E327300C0FC6D /* BSL_Oni_Test_compound.m */,
				22B6FF331A9E32AA00C0FC6D /* BSL_Oni_Test_dream_lab.m */,
			);
			name = "Test Code";
			sourceTree = "<group>";
		};
		22D9287F1AA4C506009C9530 /* test-type */ = {
			isa = PBXGroup;
			children = (
			);
			name = "test-type";
			path = "/Users/sam/Projects/bsl-validator/stdlib Scripts";
			sourceTree = "<absolute>";
		};
		22E3289B1A4F028F00E01700 = {
			isa = PBXGroup;
			children = (
				22D9287F1AA4C506009C9530 /* test-type */,
				2262FD421A574B0D00C9F47F /* stdlib */,
				22E328A61A4F028F00E01700 /* bsl-parse */,
				22A4A2CB1A9CE2BF00425014 /* Scripts */,
				22CBD83B1A9CD29300DFFA08 /* BSL Parser Tests */,
				22E328A51A4F028F00E01700 /* Products */,
			);
			sourceTree = "<group>";
		};
		22E328A51A4F028F00E01700 /* Products */ = {
			isa = PBXGroup;
			children = (
				22E328A41A4F028F00E01700 /* bsl-parse */,
				2262FD241A51A6AC00C9F47F /* libbsl.dylib */,
				22CBD83A1A9CD29300DFFA08 /* BSL Parser Tests.xctest */,
			);
			name = Products;
			sourceTree = "<group>";
		};
		22E328A61A4F028F00E01700 /* bsl-parse */ = {
			isa = PBXGroup;
			children = (
				22E328A71A4F028F00E01700 /* main.c */,
				22E328CD1A4F3A6D00E01700 /* OniScript.h */,
				22E328CC1A4F3A6D00E01700 /* OniScript.c */,
				22E328BE1A4F0AFF00E01700 /* util */,
				22E328BD1A4F0AEF00E01700 /* BSL */,
			);
			path = "bsl-parse";
			sourceTree = "<group>";
		};
		22E328BD1A4F0AEF00E01700 /* BSL */ = {
			isa = PBXGroup;
			children = (
				22E328C71A4F136100E01700 /* BSLPrivate.h */,
				22E328E81A508CA300E01700 /* Token */,
				22E328E91A508CDB00E01700 /* IR */,
				22E328EA1A508CF500E01700 /* Context */,
				22E328D51A4F7E0E00E01700 /* Evaluate */,
				22E328EB1A508D0400E01700 /* Execute */,
				22E328EC1A508D2200E01700 /* Files */,
			);
			name = BSL;
			sourceTree = "<group>";
		};
		22E328BE1A4F0AFF00E01700 /* util */ = {
			isa = PBXGroup;
			children = (
				22E328B81A4F096100E01700 /* cmap.h */,
				22E328B71A4F096100E01700 /* cmap.cpp */,
				22E328C91A4F185600E01700 /* FileAccess.h */,
				22E328C81A4F185600E01700 /* FileAccess.c */,
				22235E711A632FCC000D5DE2 /* TimeUtil.h */,
				22235E701A632FCC000D5DE2 /* TimeUtil.c */,
			);
			name = util;
			sourceTree = "<group>";
		};
		22E328D51A4F7E0E00E01700 /* Evaluate */ = {
			isa = PBXGroup;
			children = (
				22E328D31A4F6AC200E01700 /* BSLEvaluate.h */,
				22E328D21A4F6AC200E01700 /* BSLEvaluate.c */,
				22E328E71A508C9000E01700 /* Types */,
				22E328D71A4F7E1D00E01700 /* BSLSymbol.h */,
				22E328D61A4F7E1D00E01700 /* BSLSymbol.c */,
				22E328C41A4F0D7A00E01700 /* BSLExpression.h */,
				22E328C31A4F0D7A00E01700 /* BSLExpression.c */,
			);
			name = Evaluate;
			sourceTree = "<group>";
		};
		22E328E71A508C9000E01700 /* Types */ = {
			isa = PBXGroup;
			children = (
				22235E751A66D85E000D5DE2 /* BSLOperation.h */,
				22235E741A66D85E000D5DE2 /* BSLOperation.c */,
				22E328DF1A506C5300E01700 /* BSLVariable.h */,
				22E328DE1A506C5300E01700 /* BSLVariable.c */,
				22E328E21A506C6400E01700 /* BSLFunction.h */,
				22E328E11A506C6400E01700 /* BSLFunction.c */,
				2262FD3C1A51F2C700C9F47F /* BSLStatement.h */,
				2262FD3B1A51F2C700C9F47F /* BSLStatement.c */,
				2299F1631A5F1AA1007A2884 /* Keywords */,
			);
			name = Types;
			sourceTree = "<group>";
		};
		22E328E81A508CA300E01700 /* Token */ = {
			isa = PBXGroup;
			children = (
				22E328D91A4F907900E01700 /* BSLTokenDefinitions.h */,
				22E328DC1A50622E00E01700 /* BSLTokenDefinitions.c */,
				22E328AF1A4F02AA00E01700 /* BSLToken.h */,
				22E328AE1A4F02AA00E01700 /* BSLToken.c */,
			);
			name = Token;
			sourceTree = "<group>";
		};
		22E328E91A508CDB00E01700 /* IR */ = {
			isa = PBXGroup;
			children = (
				22E328B21A4F02B600E01700 /* BSLParse.h */,
				22E328B11A4F02B600E01700 /* BSLParse.c */,
			);
			name = IR;
			sourceTree = "<group>";
		};
		22E328EA1A508CF500E01700 /* Context */ = {
			isa = PBXGroup;
			children = (
				2262FD371A51AF8500C9F47F /* Stack */,
				22E328B51A4F070600E01700 /* BSLDatabase.h */,
				22E328B41A4F070600E01700 /* BSLDatabase.c */,
				22E328BB1A4F0AB300E01700 /* BSLContext.h */,
				22E328BA1A4F0AB300E01700 /* BSLContext.c */,
			);
			name = Context;
			sourceTree = "<group>";
		};
		22E328EB1A508D0400E01700 /* Execute */ = {
			isa = PBXGroup;
			children = (
				22E328E51A508C7C00E01700 /* BSLExecute.h */,
				22E328E41A508C7C00E01700 /* BSLExecute.c */,
			);
			name = Execute;
			sourceTree = "<group>";
		};
		22E328EC1A508D2200E01700 /* Files */ = {
			isa = PBXGroup;
			children = (
				22E328ED1A50A78100E01700 /* BSLGlobals.h */,
				22E328D01A4F3F1200E01700 /* BSLScript.h */,
				22E328CF1A4F3F1200E01700 /* BSLScript.c */,
			);
			name = Files;
			sourceTree = "<group>";
		};
/* End PBXGroup section */

/* Begin PBXHeadersBuildPhase section */
		2262FD221A51A6AC00C9F47F /* Headers */ = {
			isa = PBXHeadersBuildPhase;
			buildActionMask = 2147483647;
			files = (
				2262FD601A5750A900C9F47F /* OniScript.h in Headers */,
				2262FD611A5750A900C9F47F /* cmap.h in Headers */,
				2262FD621A5750A900C9F47F /* FileAccess.h in Headers */,
				2262FD631A5750A900C9F47F /* BSLPrivate.h in Headers */,
				2262FD641A5750AA00C9F47F /* BSLTokenDefinitions.h in Headers */,
				2262FD651A5750AA00C9F47F /* BSLToken.h in Headers */,
				2262FD661A5750AA00C9F47F /* BSLParse.h in Headers */,
				2262FD671A5750AA00C9F47F /* BSLStack.h in Headers */,
				2262FD681A5750AA00C9F47F /* BSLDatabase.h in Headers */,
				2262FD691A5750AA00C9F47F /* BSLContext.h in Headers */,
				2227EF641A7EA14B00CF6BBD /* BSL_stdlib_print.h in Headers */,
				2262FD6A1A5750AA00C9F47F /* BSLEvaluate.h in Headers */,
				2262FD6B1A5750AA00C9F47F /* BSLVariable.h in Headers */,
				2227EF601A7EA0DA00CF6BBD /* BSL_stdlib_div.h in Headers */,
				2262FD6C1A5750AA00C9F47F /* BSLFunction.h in Headers */,
				2262FD6D1A5750AA00C9F47F /* BSLStatement.h in Headers */,
				2262FD6E1A5750AA00C9F47F /* BSLSymbol.h in Headers */,
				2262FD6F1A5750AA00C9F47F /* BSLExpression.h in Headers */,
				2299F16C1A5F1AEF007A2884 /* BSLStatement_Fork.h in Headers */,
				2299F1741A5F1B14007A2884 /* BSLStatement_Return.h in Headers */,
				2299F1811A5F204B007A2884 /* BSLStatement_Func.h in Headers */,
				2299F1851A5F205A007A2884 /* BSLStatement_Var.h in Headers */,
				2299F1791A5F1B32007A2884 /* BSLStatement_Schedule.h in Headers */,
				2299F1701A5F1B04007A2884 /* BSLStatement_Sleep.h in Headers */,
				2299F17D1A5F1B4C007A2884 /* BSLStatement_Iterate.h in Headers */,
				2262FD711A5750AA00C9F47F /* BSLExecute.h in Headers */,
				2262FD721A5750AA00C9F47F /* BSLGlobals.h in Headers */,
				2262FD731A5750AA00C9F47F /* BSLScript.h in Headers */,
				2262FD781A57524E00C9F47F /* BSL_stdlib.h in Headers */,
				22D766FE1A9D5C40002C8AEA /* BSL_stdlib_strlen.h in Headers */,
				22235E731A632FCC000D5DE2 /* TimeUtil.h in Headers */,
				2299F1681A5F1AD3007A2884 /* BSLStatement_Conditional.h in Headers */,
				2227EF581A7EA05500CF6BBD /* BSL_stdlib_priv.h in Headers */,
				22235E771A66D85E000D5DE2 /* BSLOperation.h in Headers */,
				2227EF5C1A7EA08700CF6BBD /* BSL_stdlib_mul.h in Headers */,
			);
			runOnlyForDeploymentPostprocessing = 0;
		};
/* End PBXHeadersBuildPhase section */

/* Begin PBXNativeTarget section */
		2262FD231A51A6AC00C9F47F /* bsl */ = {
			isa = PBXNativeTarget;
			buildConfigurationList = 2262FD271A51A6AC00C9F47F /* Build configuration list for PBXNativeTarget "bsl" */;
			buildPhases = (
				2262FD201A51A6AC00C9F47F /* Sources */,
				2262FD211A51A6AC00C9F47F /* Frameworks */,
				2262FD221A51A6AC00C9F47F /* Headers */,
			);
			buildRules = (
			);
			dependencies = (
			);
			name = bsl;
			productName = bsl;
			productReference = 2262FD241A51A6AC00C9F47F /* libbsl.dylib */;
			productType = "com.apple.product-type.library.dynamic";
		};
		22CBD8391A9CD29300DFFA08 /* BSL Parser Tests */ = {
			isa = PBXNativeTarget;
			buildConfigurationList = 22CBD8451A9CD29300DFFA08 /* Build configuration list for PBXNativeTarget "BSL Parser Tests" */;
			buildPhases = (
				22CBD8361A9CD29300DFFA08 /* Sources */,
				22CBD8371A9CD29300DFFA08 /* Frameworks */,
				22CBD8381A9CD29300DFFA08 /* Resources */,
			);
			buildRules = (
			);
			dependencies = (
				22CBD8421A9CD29300DFFA08 /* PBXTargetDependency */,
			);
			name = "BSL Parser Tests";
			productName = "BSL Parser Tests";
			productReference = 22CBD83A1A9CD29300DFFA08 /* BSL Parser Tests.xctest */;
			productType = "com.apple.product-type.bundle.unit-test";
		};
		22E328A31A4F028F00E01700 /* bsl-parse */ = {
			isa = PBXNativeTarget;
			buildConfigurationList = 22E328AB1A4F028F00E01700 /* Build configuration list for PBXNativeTarget "bsl-parse" */;
			buildPhases = (
				22E328A01A4F028F00E01700 /* Sources */,
				22E328A11A4F028F00E01700 /* Frameworks */,
				22E328A21A4F028F00E01700 /* CopyFiles */,
			);
			buildRules = (
			);
			dependencies = (
				2262FD761A5751C300C9F47F /* PBXTargetDependency */,
			);
			name = "bsl-parse";
			productName = "bsl-parse";
			productReference = 22E328A41A4F028F00E01700 /* bsl-parse */;
			productType = "com.apple.product-type.tool";
		};
/* End PBXNativeTarget section */

/* Begin PBXProject section */
		22E3289C1A4F028F00E01700 /* Project object */ = {
			isa = PBXProject;
			attributes = {
				LastUpgradeCheck = 0620;
				ORGANIZATIONNAME = "Sam Marshall";
				TargetAttributes = {
					2262FD231A51A6AC00C9F47F = {
						CreatedOnToolsVersion = 6.1;
					};
					22CBD8391A9CD29300DFFA08 = {
						CreatedOnToolsVersion = 6.1;
					};
					22E328A31A4F028F00E01700 = {
						CreatedOnToolsVersion = 6.1;
					};
				};
			};
			buildConfigurationList = 22E3289F1A4F028F00E01700 /* Build configuration list for PBXProject "bsl-parse" */;
			compatibilityVersion = "Xcode 3.2";
			developmentRegion = English;
			hasScannedForEncodings = 0;
			knownRegions = (
				en,
			);
			mainGroup = 22E3289B1A4F028F00E01700;
			productRefGroup = 22E328A51A4F028F00E01700 /* Products */;
			projectDirPath = "";
			projectRoot = "";
			targets = (
				22E328A31A4F028F00E01700 /* bsl-parse */,
				2262FD231A51A6AC00C9F47F /* bsl */,
				22CBD8391A9CD29300DFFA08 /* BSL Parser Tests */,
			);
		};
/* End PBXProject section */

/* Begin PBXResourcesBuildPhase section */
		22CBD8381A9CD29300DFFA08 /* Resources */ = {
			isa = PBXResourcesBuildPhase;
			buildActionMask = 2147483647;
			files = (
				22CBD87A1A9CD5C600DFFA08 /* Test Scripts in Resources */,
				22B6FF2F1A9E318300C0FC6D /* Oni Scripts in Resources */,
				22B6FF301A9E318500C0FC6D /* GameDataFolder in Resources */,
			);
			runOnlyForDeploymentPostprocessing = 0;
		};
/* End PBXResourcesBuildPhase section */

/* Begin PBXSourcesBuildPhase section */
		2262FD201A51A6AC00C9F47F /* Sources */ = {
			isa = PBXSourcesBuildPhase;
			buildActionMask = 2147483647;
			files = (
				2299F1671A5F1ACC007A2884 /* BSLStatement_Conditional.c in Sources */,
				2262FD771A57524700C9F47F /* BSL_stdlib.c in Sources */,
				2299F1781A5F1B32007A2884 /* BSLStatement_Schedule.c in Sources */,
				2262FD501A574C1B00C9F47F /* BSLStack.c in Sources */,
				2227EF5F1A7EA0DA00CF6BBD /* BSL_stdlib_div.c in Sources */,
				2227EF631A7EA14B00CF6BBD /* BSL_stdlib_print.c in Sources */,
				2299F16F1A5F1B04007A2884 /* BSLStatement_Sleep.c in Sources */,
				2262FD511A574C1B00C9F47F /* BSLStatement.c in Sources */,
				2262FD361A51A6CD00C9F47F /* OniScript.c in Sources */,
				2262FD281A51A6C400C9F47F /* cmap.cpp in Sources */,
				2262FD291A51A6C400C9F47F /* FileAccess.c in Sources */,
				2262FD2A1A51A6C400C9F47F /* BSLTokenDefinitions.c in Sources */,
				2299F17C1A5F1B4C007A2884 /* BSLStatement_Iterate.c in Sources */,
				2299F1731A5F1B14007A2884 /* BSLStatement_Return.c in Sources */,
				2262FD2B1A51A6C400C9F47F /* BSLToken.c in Sources */,
				2262FD2C1A51A6C400C9F47F /* BSLParse.c in Sources */,
				2262FD2D1A51A6C400C9F47F /* BSLDatabase.c in Sources */,
				2299F1841A5F205A007A2884 /* BSLStatement_Var.c in Sources */,
				2262FD2E1A51A6C400C9F47F /* BSLContext.c in Sources */,
				22235E761A66D85E000D5DE2 /* BSLOperation.c in Sources */,
				2227EF5B1A7EA08700CF6BBD /* BSL_stdlib_mul.c in Sources */,
				2262FD2F1A51A6C400C9F47F /* BSLEvaluate.c in Sources */,
				22235E721A632FCC000D5DE2 /* TimeUtil.c in Sources */,
				2262FD301A51A6C400C9F47F /* BSLVariable.c in Sources */,
				2262FD311A51A6C400C9F47F /* BSLFunction.c in Sources */,
				2299F1801A5F204B007A2884 /* BSLStatement_Func.c in Sources */,
				2262FD321A51A6C400C9F47F /* BSLSymbol.c in Sources */,
				2262FD331A51A6C400C9F47F /* BSLExpression.c in Sources */,
				2299F16B1A5F1AEF007A2884 /* BSLStatement_Fork.c in Sources */,
				22D766FD1A9D5C40002C8AEA /* BSL_stdlib_strlen.c in Sources */,
				2262FD341A51A6C400C9F47F /* BSLExecute.c in Sources */,
				2262FD351A51A6C400C9F47F /* BSLScript.c in Sources */,
			);
			runOnlyForDeploymentPostprocessing = 0;
		};
		22CBD8361A9CD29300DFFA08 /* Sources */ = {
			isa = PBXSourcesBuildPhase;
			buildActionMask = 2147483647;
			files = (
				22B6FF341A9E32AA00C0FC6D /* BSL_Oni_Test_dream_lab.m in Sources */,
				22D7670F1A9E2F52002C8AEA /* BSL_Oni_Test_Airport_III.m in Sources */,
				22CBD83F1A9CD29300DFFA08 /* BSL_Parser_Tests.m in Sources */,
				22B6FF321A9E327300C0FC6D /* BSL_Oni_Test_compound.m in Sources */,
				22D7670E1A9E2F4F002C8AEA /* BSL_Oni_Test_Airport.m in Sources */,
			);
			runOnlyForDeploymentPostprocessing = 0;
		};
		22E328A01A4F028F00E01700 /* Sources */ = {
			isa = PBXSourcesBuildPhase;
			buildActionMask = 2147483647;
			files = (
				2262FD561A574C4200C9F47F /* main.c in Sources */,
			);
			runOnlyForDeploymentPostprocessing = 0;
		};
/* End PBXSourcesBuildPhase section */

/* Begin PBXTargetDependency section */
		2262FD761A5751C300C9F47F /* PBXTargetDependency */ = {
			isa = PBXTargetDependency;
			target = 2262FD231A51A6AC00C9F47F /* bsl */;
			targetProxy = 2262FD751A5751C300C9F47F /* PBXContainerItemProxy */;
		};
		22CBD8421A9CD29300DFFA08 /* PBXTargetDependency */ = {
			isa = PBXTargetDependency;
			target = 2262FD231A51A6AC00C9F47F /* bsl */;
			targetProxy = 22CBD8411A9CD29300DFFA08 /* PBXContainerItemProxy */;
		};
/* End PBXTargetDependency section */

/* Begin XCBuildConfiguration section */
		2262FD251A51A6AC00C9F47F /* Debug */ = {
			isa = XCBuildConfiguration;
			buildSettings = {
				CLANG_ANALYZER_SECURITY_INSECUREAPI_STRCPY = YES;
				CLANG_STATIC_ANALYZER_MODE = shallow;
				COMBINE_HIDPI_IMAGES = YES;
				DYLIB_COMPATIBILITY_VERSION = 1;
				DYLIB_CURRENT_VERSION = 1;
				EXECUTABLE_PREFIX = lib;
				GCC_PREPROCESSOR_DEFINITIONS = (
					"DEBUG=1",
					"$(inherited)",
				);
				GCC_TREAT_IMPLICIT_FUNCTION_DECLARATIONS_AS_ERRORS = YES;
				GCC_WARN_SHADOW = YES;
				GCC_WARN_SIGN_COMPARE = YES;
				GCC_WARN_UNUSED_PARAMETER = YES;
				LD_GENERATE_MAP_FILE = YES;
				LIBRARY_SEARCH_PATHS = (
					"$(inherited)",
					"$(SDKROOT)/usr/lib/system",
					"$(SDKROOT)/usr/lib/system/introspection",
				);
				PRIVATE_HEADERS_FOLDER_PATH = /usr/local/include/bsl;
				PRODUCT_NAME = "$(TARGET_NAME)";
				PUBLIC_HEADERS_FOLDER_PATH = /usr/local/include/bsl;
				RUN_CLANG_STATIC_ANALYZER = NO;
			};
			name = Debug;
		};
		2262FD261A51A6AC00C9F47F /* Release */ = {
			isa = XCBuildConfiguration;
			buildSettings = {
				CLANG_ANALYZER_SECURITY_INSECUREAPI_STRCPY = YES;
				CLANG_STATIC_ANALYZER_MODE = shallow;
				COMBINE_HIDPI_IMAGES = YES;
				DYLIB_COMPATIBILITY_VERSION = 1;
				DYLIB_CURRENT_VERSION = 1;
				EXECUTABLE_PREFIX = lib;
				GCC_TREAT_IMPLICIT_FUNCTION_DECLARATIONS_AS_ERRORS = YES;
				GCC_WARN_SHADOW = YES;
				GCC_WARN_SIGN_COMPARE = YES;
				GCC_WARN_UNUSED_PARAMETER = YES;
				LD_GENERATE_MAP_FILE = YES;
				LIBRARY_SEARCH_PATHS = (
					"$(inherited)",
					"$(SDKROOT)/usr/lib/system",
					"$(SDKROOT)/usr/lib/system/introspection",
				);
				PRIVATE_HEADERS_FOLDER_PATH = /usr/local/include/bsl;
				PRODUCT_NAME = "$(TARGET_NAME)";
				PUBLIC_HEADERS_FOLDER_PATH = /usr/local/include/bsl;
				RUN_CLANG_STATIC_ANALYZER = NO;
			};
			name = Release;
		};
		22CBD8431A9CD29300DFFA08 /* Debug */ = {
			isa = XCBuildConfiguration;
			buildSettings = {
				COMBINE_HIDPI_IMAGES = YES;
				FRAMEWORK_SEARCH_PATHS = (
					"$(DEVELOPER_FRAMEWORKS_DIR)",
					"$(inherited)",
				);
				GCC_PREPROCESSOR_DEFINITIONS = (
					"DEBUG=1",
					"$(inherited)",
				);
				INFOPLIST_FILE = "BSL Parser Tests/Info.plist";
				LD_RUNPATH_SEARCH_PATHS = "$(inherited) @executable_path/../Frameworks @loader_path/../Frameworks";
				PRODUCT_NAME = "$(TARGET_NAME)";
			};
			name = Debug;
		};
		22CBD8441A9CD29300DFFA08 /* Release */ = {
			isa = XCBuildConfiguration;
			buildSettings = {
				COMBINE_HIDPI_IMAGES = YES;
				FRAMEWORK_SEARCH_PATHS = (
					"$(DEVELOPER_FRAMEWORKS_DIR)",
					"$(inherited)",
				);
				INFOPLIST_FILE = "BSL Parser Tests/Info.plist";
				LD_RUNPATH_SEARCH_PATHS = "$(inherited) @executable_path/../Frameworks @loader_path/../Frameworks";
				PRODUCT_NAME = "$(TARGET_NAME)";
			};
			name = Release;
		};
		22E328A91A4F028F00E01700 /* Debug */ = {
			isa = XCBuildConfiguration;
			buildSettings = {
				ALWAYS_SEARCH_USER_PATHS = NO;
				CLANG_CXX_LANGUAGE_STANDARD = "gnu++0x";
				CLANG_CXX_LIBRARY = "libc++";
				CLANG_ENABLE_MODULES = YES;
				CLANG_ENABLE_OBJC_ARC = YES;
				CLANG_WARN_BOOL_CONVERSION = YES;
				CLANG_WARN_CONSTANT_CONVERSION = YES;
				CLANG_WARN_DIRECT_OBJC_ISA_USAGE = YES_ERROR;
				CLANG_WARN_EMPTY_BODY = YES;
				CLANG_WARN_ENUM_CONVERSION = YES;
				CLANG_WARN_INT_CONVERSION = YES;
				CLANG_WARN_OBJC_ROOT_CLASS = YES_ERROR;
				CLANG_WARN_UNREACHABLE_CODE = YES;
				CLANG_WARN__DUPLICATE_METHOD_MATCH = YES;
				COPY_PHASE_STRIP = NO;
				ENABLE_STRICT_OBJC_MSGSEND = YES;
				GCC_C_LANGUAGE_STANDARD = gnu99;
				GCC_DYNAMIC_NO_PIC = NO;
				GCC_OPTIMIZATION_LEVEL = 0;
				GCC_PREPROCESSOR_DEFINITIONS = (
					"DEBUG=1",
					"$(inherited)",
				);
				GCC_SYMBOLS_PRIVATE_EXTERN = NO;
				GCC_WARN_64_TO_32_BIT_CONVERSION = YES;
				GCC_WARN_ABOUT_RETURN_TYPE = YES_ERROR;
				GCC_WARN_UNDECLARED_SELECTOR = YES;
				GCC_WARN_UNINITIALIZED_AUTOS = YES_AGGRESSIVE;
				GCC_WARN_UNUSED_FUNCTION = YES;
				GCC_WARN_UNUSED_VARIABLE = YES;
				MACOSX_DEPLOYMENT_TARGET = 10.9;
				MTL_ENABLE_DEBUG_INFO = YES;
				ONLY_ACTIVE_ARCH = YES;
				SDKROOT = macosx;
			};
			name = Debug;
		};
		22E328AA1A4F028F00E01700 /* Release */ = {
			isa = XCBuildConfiguration;
			buildSettings = {
				ALWAYS_SEARCH_USER_PATHS = NO;
				CLANG_CXX_LANGUAGE_STANDARD = "gnu++0x";
				CLANG_CXX_LIBRARY = "libc++";
				CLANG_ENABLE_MODULES = YES;
				CLANG_ENABLE_OBJC_ARC = YES;
				CLANG_WARN_BOOL_CONVERSION = YES;
				CLANG_WARN_CONSTANT_CONVERSION = YES;
				CLANG_WARN_DIRECT_OBJC_ISA_USAGE = YES_ERROR;
				CLANG_WARN_EMPTY_BODY = YES;
				CLANG_WARN_ENUM_CONVERSION = YES;
				CLANG_WARN_INT_CONVERSION = YES;
				CLANG_WARN_OBJC_ROOT_CLASS = YES_ERROR;
				CLANG_WARN_UNREACHABLE_CODE = YES;
				CLANG_WARN__DUPLICATE_METHOD_MATCH = YES;
				COPY_PHASE_STRIP = YES;
				DEBUG_INFORMATION_FORMAT = "dwarf-with-dsym";
				ENABLE_NS_ASSERTIONS = NO;
				ENABLE_STRICT_OBJC_MSGSEND = YES;
				GCC_C_LANGUAGE_STANDARD = gnu99;
				GCC_WARN_64_TO_32_BIT_CONVERSION = YES;
				GCC_WARN_ABOUT_RETURN_TYPE = YES_ERROR;
				GCC_WARN_UNDECLARED_SELECTOR = YES;
				GCC_WARN_UNINITIALIZED_AUTOS = YES_AGGRESSIVE;
				GCC_WARN_UNUSED_FUNCTION = YES;
				GCC_WARN_UNUSED_VARIABLE = YES;
				MACOSX_DEPLOYMENT_TARGET = 10.9;
				MTL_ENABLE_DEBUG_INFO = NO;
				SDKROOT = macosx;
			};
			name = Release;
		};
		22E328AC1A4F028F00E01700 /* Debug */ = {
			isa = XCBuildConfiguration;
			buildSettings = {
				CLANG_STATIC_ANALYZER_MODE = deep;
				LD_GENERATE_MAP_FILE = YES;
				PRODUCT_NAME = "$(TARGET_NAME)";
				RUN_CLANG_STATIC_ANALYZER = YES;
			};
			name = Debug;
		};
		22E328AD1A4F028F00E01700 /* Release */ = {
			isa = XCBuildConfiguration;
			buildSettings = {
				CLANG_STATIC_ANALYZER_MODE = deep;
				LD_GENERATE_MAP_FILE = YES;
				PRODUCT_NAME = "$(TARGET_NAME)";
				RUN_CLANG_STATIC_ANALYZER = YES;
			};
			name = Release;
		};
/* End XCBuildConfiguration section */

/* Begin XCConfigurationList section */
		2262FD271A51A6AC00C9F47F /* Build configuration list for PBXNativeTarget "bsl" */ = {
			isa = XCConfigurationList;
			buildConfigurations = (
				2262FD251A51A6AC00C9F47F /* Debug */,
				2262FD261A51A6AC00C9F47F /* Release */,
			);
			defaultConfigurationIsVisible = 0;
			defaultConfigurationName = Release;
		};
		22CBD8451A9CD29300DFFA08 /* Build configuration list for PBXNativeTarget "BSL Parser Tests" */ = {
			isa = XCConfigurationList;
			buildConfigurations = (
				22CBD8431A9CD29300DFFA08 /* Debug */,
				22CBD8441A9CD29300DFFA08 /* Release */,
			);
			defaultConfigurationIsVisible = 0;
			defaultConfigurationName = Release;
		};
		22E3289F1A4F028F00E01700 /* Build configuration list for PBXProject "bsl-parse" */ = {
			isa = XCConfigurationList;
			buildConfigurations = (
				22E328A91A4F028F00E01700 /* Debug */,
				22E328AA1A4F028F00E01700 /* Release */,
			);
			defaultConfigurationIsVisible = 0;
			defaultConfigurationName = Release;
		};
		22E328AB1A4F028F00E01700 /* Build configuration list for PBXNativeTarget "bsl-parse" */ = {
			isa = XCConfigurationList;
			buildConfigurations = (
				22E328AC1A4F028F00E01700 /* Debug */,
				22E328AD1A4F028F00E01700 /* Release */,
			);
			defaultConfigurationIsVisible = 0;
			defaultConfigurationName = Release;
		};
/* End XCConfigurationList section */
	};
	rootObject = 22E3289C1A4F028F00E01700 /* Project object */;
}
